
Microsoft Visual Studio Solution File, Format Version 12.00
# Visual Studio Version 17
VisualStudioVersion = 17.9.34902.65
MinimumVisualStudioVersion = 10.0.40219.1
Project("{FAE04EC0-301F-11D3-BF4B-00C04F79EFBC}") = "AccessStringsCsharp", "AccessStringsCsharp.csproj", "{129E7061-4F42-474C-B3C3-BB9DE4DBAECD}"
EndProject
Global
	GlobalSection(SolutionConfigurationPlatforms) = preSolution
		Debug|Any CPU = Debug|Any CPU
		Release|Any CPU = Release|Any CPU
	EndGlobalSection
	GlobalSection(ProjectConfigurationPlatforms) = postSolution
		{129E7061-4F42-474C-B3C3-BB9DE4DBAECD}.Debug|Any CPU.ActiveCfg = Debug|Any CPU
		{129E7061-4F42-474C-B3C3-BB9DE4DBAECD}.Debug|Any CPU.Build.0 = Debug|Any CPU
		{129E7061-4F42-474C-B3C3-BB9DE4DBAECD}.Release|Any CPU.ActiveCfg = Release|Any CPU
		{129E7061-4F42-474C-B3C3-BB9DE4DBAECD}.Release|Any CPU.Build.0 = Release|Any CPU
	EndGlobalSection
	GlobalSection(SolutionProperties) = preSolution
		HideSolutionNode = FALSE
	EndGlobalSection
	GlobalSection(ExtensibilityGlobals) = postSolution
		SolutionGuid = {5A5483EB-D89A-4769-8B84-660AD084C3E7}
	EndGlobalSection
EndGlobal
